<Solution>
  <Configurations>
    <Platform Name="Any CPU" />
    <Platform Name="windows" />
    <Platform Name="x64" />
    <Platform Name="x86" />
  </Configurations>
  <Folder Name="/src/">
    <Project Path="src/Blindbudet.Domain/Blindbudet.Domain.csproj" />
    <Project Path="src/Emlang.CodeGen/Emlang.CodeGen.csproj" />
    <Project Path="src/Emlang.CodeGen.Tests/Emlang.CodeGen.Tests.csproj" />
    <Project Path="src/Blindbudet.Domain.Tests/Blindbudet.Domain.Tests.csproj" />
    <Project Path="src/MerEllerMindre.Domain.Tests/MerEllerMindre.Domain.Tests.csproj" />
    <Project Path="src/MerEllerMindre.Domain/MerEllerMindre.Domain.csproj" />
    <Project Path="src/MerEllerMindre.Web/MerEllerMindre.Web.csproj" />
    <Project Path="src/MerEllerMindre.Web.Tests/MerEllerMindre.Web.Tests.csproj" />
    <Project Path="src/TankTillTusen.Domain/TankTillTusen.Domain.csproj" />
    <Project Path="src/TankTillTusen.Domain.Tests/TankTillTusen.Domain.Tests.csproj" />
  </Folder>
</Solution>
